
Microsoft Visual Studio Solution File, Format Version 12.00
# Visual Studio Version 16
VisualStudioVersion = 16.0.30804.86
MinimumVisualStudioVersion = 10.0.40219.1
Project("{FAE04EC0-301F-11D3-BF4B-00C04F79EFBC}") = "QuanLySpa", "QuanLySpa\QuanLySpa.csproj", "{FFA9DD18-4EE4-486E-AC38-E09B85405D4F}"
EndProject
Global
	GlobalSection(SolutionConfigurationPlatforms) = preSolution
		Debug|Any CPU = Debug|Any CPU
		Release|Any CPU = Release|Any CPU
	EndGlobalSection
	GlobalSection(ProjectConfigurationPlatforms) = postSolution
		{FFA9DD18-4EE4-486E-AC38-E09B85405D4F}.Debug|Any CPU.ActiveCfg = Debug|Any CPU
		{FFA9DD18-4EE4-486E-AC38-E09B85405D4F}.Debug|Any CPU.Build.0 = Debug|Any CPU
		{FFA9DD18-4EE4-486E-AC38-E09B85405D4F}.Release|Any CPU.ActiveCfg = Release|Any CPU
		{FFA9DD18-4EE4-486E-AC38-E09B85405D4F}.Release|Any CPU.Build.0 = Release|Any CPU
	EndGlobalSection
	GlobalSection(SolutionProperties) = preSolution
		HideSolutionNode = FALSE
	EndGlobalSection
	GlobalSection(ExtensibilityGlobals) = postSolution
		SolutionGuid = {EC5C8EC8-433E-4D10-AB67-046948B67FE1}
	EndGlobalSection
EndGlobal
